
Microsoft Visual Studio Solution File, Format Version 12.00
# Visual Studio 15
VisualStudioVersion = 15.0.28010.2026
MinimumVisualStudioVersion = 10.0.40219.1
Project("{8BC9CEB8-8B4A-11D0-8D11-00A0C91BC942}") = "ConsoleApplication5", "ConsoleApplication5.vcxproj", "{C661F196-6BAE-4966-BE54-147ED25C2D24}"
EndProject
Global
	GlobalSection(SolutionConfigurationPlatforms) = preSolution
		Debug|x64 = Debug|x64
		Debug|x86 = Debug|x86
		Release|x64 = Release|x64
		Release|x86 = Release|x86
	EndGlobalSection
	GlobalSection(ProjectConfigurationPlatforms) = postSolution
		{C661F196-6BAE-4966-BE54-147ED25C2D24}.Debug|x64.ActiveCfg = Debug|x64
		{C661F196-6BAE-4966-BE54-147ED25C2D24}.Debug|x64.Build.0 = Debug|x64
		{C661F196-6BAE-4966-BE54-147ED25C2D24}.Debug|x86.ActiveCfg = Debug|Win32
		{C661F196-6BAE-4966-BE54-147ED25C2D24}.Debug|x86.Build.0 = Debug|Win32
		{C661F196-6BAE-4966-BE54-147ED25C2D24}.Release|x64.ActiveCfg = Release|x64
		{C661F196-6BAE-4966-BE54-147ED25C2D24}.Release|x64.Build.0 = Release|x64
		{C661F196-6BAE-4966-BE54-147ED25C2D24}.Release|x86.ActiveCfg = Release|Win32
		{C661F196-6BAE-4966-BE54-147ED25C2D24}.Release|x86.Build.0 = Release|Win32
	EndGlobalSection
	GlobalSection(SolutionProperties) = preSolution
		HideSolutionNode = FALSE
	EndGlobalSection
	GlobalSection(ExtensibilityGlobals) = postSolution
		SolutionGuid = {8BA358B1-0716-47DF-A895-D9A44B905BB1}
	EndGlobalSection
EndGlobal
