
Microsoft Visual Studio Solution File, Format Version 12.00
# Visual Studio 15
VisualStudioVersion = 15.0.28010.2003
MinimumVisualStudioVersion = 10.0.40219.1
Project("{8BC9CEB8-8B4A-11D0-8D11-00A0C91BC942}") = "ConsoleApplication1", "ConsoleApplication1\ConsoleApplication1.vcxproj", "{08E54C1A-19A0-4FFA-83C0-7D6EAB18509A}"
EndProject
Global
	GlobalSection(SolutionConfigurationPlatforms) = preSolution
		Debug|x64 = Debug|x64
		Debug|x86 = Debug|x86
		Release|x64 = Release|x64
		Release|x86 = Release|x86
	EndGlobalSection
	GlobalSection(ProjectConfigurationPlatforms) = postSolution
		{08E54C1A-19A0-4FFA-83C0-7D6EAB18509A}.Debug|x64.ActiveCfg = Debug|x64
		{08E54C1A-19A0-4FFA-83C0-7D6EAB18509A}.Debug|x64.Build.0 = Debug|x64
		{08E54C1A-19A0-4FFA-83C0-7D6EAB18509A}.Debug|x86.ActiveCfg = Debug|Win32
		{08E54C1A-19A0-4FFA-83C0-7D6EAB18509A}.Debug|x86.Build.0 = Debug|Win32
		{08E54C1A-19A0-4FFA-83C0-7D6EAB18509A}.Release|x64.ActiveCfg = Release|x64
		{08E54C1A-19A0-4FFA-83C0-7D6EAB18509A}.Release|x64.Build.0 = Release|x64
		{08E54C1A-19A0-4FFA-83C0-7D6EAB18509A}.Release|x86.ActiveCfg = Release|Win32
		{08E54C1A-19A0-4FFA-83C0-7D6EAB18509A}.Release|x86.Build.0 = Release|Win32
	EndGlobalSection
	GlobalSection(SolutionProperties) = preSolution
		HideSolutionNode = FALSE
	EndGlobalSection
	GlobalSection(ExtensibilityGlobals) = postSolution
		SolutionGuid = {B1572C32-45A8-47AC-B0C7-D0975AD02AAE}
	EndGlobalSection
EndGlobal
