
Microsoft Visual Studio Solution File, Format Version 12.00
# Visual Studio 15
VisualStudioVersion = 15.0.28010.2026
MinimumVisualStudioVersion = 10.0.40219.1
Project("{FAE04EC0-301F-11D3-BF4B-00C04F79EFBC}") = "WindowsFormsApp1", "WindowsFormsApp1\WindowsFormsApp1.csproj", "{5A18FAFB-A5A0-45B8-8A8A-7963AB466165}"
EndProject
Global
	GlobalSection(SolutionConfigurationPlatforms) = preSolution
		Debug|Any CPU = Debug|Any CPU
		Release|Any CPU = Release|Any CPU
	EndGlobalSection
	GlobalSection(ProjectConfigurationPlatforms) = postSolution
		{5A18FAFB-A5A0-45B8-8A8A-7963AB466165}.Debug|Any CPU.ActiveCfg = Debug|Any CPU
		{5A18FAFB-A5A0-45B8-8A8A-7963AB466165}.Debug|Any CPU.Build.0 = Debug|Any CPU
		{5A18FAFB-A5A0-45B8-8A8A-7963AB466165}.Release|Any CPU.ActiveCfg = Release|Any CPU
		{5A18FAFB-A5A0-45B8-8A8A-7963AB466165}.Release|Any CPU.Build.0 = Release|Any CPU
	EndGlobalSection
	GlobalSection(SolutionProperties) = preSolution
		HideSolutionNode = FALSE
	EndGlobalSection
	GlobalSection(ExtensibilityGlobals) = postSolution
		SolutionGuid = {E91BEE2C-9169-4C04-A2AF-23F1F45DAC37}
	EndGlobalSection
EndGlobal
